
Microsoft Visual Studio Solution File, Format Version 12.00
Project("{FAE04EC0-301F-11D3-BF4B-00C04F79EFBC}") = "DarktideModManager", "DarktideModManager\DarktideModManager.csproj", "{DC160D41-576C-4D41-A0CF-1220A07229C0}"
EndProject
Global
	GlobalSection(SolutionConfigurationPlatforms) = preSolution
		Debug|Any CPU = Debug|Any CPU
		Release|Any CPU = Release|Any CPU
	EndGlobalSection
	GlobalSection(ProjectConfigurationPlatforms) = postSolution
		{DC160D41-576C-4D41-A0CF-1220A07229C0}.Debug|Any CPU.ActiveCfg = Debug|Any CPU
		{DC160D41-576C-4D41-A0CF-1220A07229C0}.Debug|Any CPU.Build.0 = Debug|Any CPU
		{DC160D41-576C-4D41-A0CF-1220A07229C0}.Release|Any CPU.ActiveCfg = Release|Any CPU
		{DC160D41-576C-4D41-A0CF-1220A07229C0}.Release|Any CPU.Build.0 = Release|Any CPU
	EndGlobalSection
EndGlobal
